// !$*UTF8*$!
{
	archiveVersion = 1;
	classes = {
	};
	objectVersion = 56;
	objects = {

/* Begin PBXBuildFile section */
		A74CBC27296EF72B0020FB0C /* AppDelegate.swift in Sources */ = {isa = PBXBuildFile; fileRef = A74CBC26296EF72B0020FB0C /* AppDelegate.swift */; };
		A74CBC29296EF72B0020FB0C /* SceneDelegate.swift in Sources */ = {isa = PBXBuildFile; fileRef = A74CBC28296EF72B0020FB0C /* SceneDelegate.swift */; };
		A74CBC2C296EF72B0020FB0C /* LaunchScreen.storyboard in Resources */ = {isa = PBXBuildFile; fileRef = A74CBC2A296EF72B0020FB0C /* LaunchScreen.storyboard */; };
		A74CBC2F296EF72B0020FB0C /* Main.storyboard in Resources */ = {isa = PBXBuildFile; fileRef = A74CBC2D296EF72B0020FB0C /* Main.storyboard */; };
		A74CBC38296EF72B0020FB0C /* AppDelegate.swift in Sources */ = {isa = PBXBuildFile; fileRef = A74CBC37296EF72B0020FB0C /* AppDelegate.swift */; };
		A74CBC3B296EF72B0020FB0C /* Main.storyboard in Resources */ = {isa = PBXBuildFile; fileRef = A74CBC39296EF72B0020FB0C /* Main.storyboard */; };
		A74CBC42296EF72B0020FB0C /* Table of contents Extension.appex in Embed Foundation Extensions */ = {isa = PBXBuildFile; fileRef = A74CBC41296EF72B0020FB0C /* Table of contents Extension.appex */; settings = {ATTRIBUTES = (RemoveHeadersOnCopy, ); }; };
		A74CBC4C296EF72B0020FB0C /* Table of contents Extension.appex in Embed Foundation Extensions */ = {isa = PBXBuildFile; fileRef = A74CBC4B296EF72B0020FB0C /* Table of contents Extension.appex */; settings = {ATTRIBUTES = (RemoveHeadersOnCopy, ); }; };
		A74CBC52296EF72B0020FB0C /* Main.html in Resources */ = {isa = PBXBuildFile; fileRef = A74CBC0D296EF72A0020FB0C /* Main.html */; };
		A74CBC53296EF72B0020FB0C /* Main.html in Resources */ = {isa = PBXBuildFile; fileRef = A74CBC0D296EF72A0020FB0C /* Main.html */; };
		A74CBC54296EF72B0020FB0C /* Icon.png in Resources */ = {isa = PBXBuildFile; fileRef = A74CBC0F296EF72A0020FB0C /* Icon.png */; };
		A74CBC55296EF72B0020FB0C /* Icon.png in Resources */ = {isa = PBXBuildFile; fileRef = A74CBC0F296EF72A0020FB0C /* Icon.png */; };
		A74CBC56296EF72B0020FB0C /* Style.css in Resources */ = {isa = PBXBuildFile; fileRef = A74CBC10296EF72A0020FB0C /* Style.css */; };
		A74CBC57296EF72B0020FB0C /* Style.css in Resources */ = {isa = PBXBuildFile; fileRef = A74CBC10296EF72A0020FB0C /* Style.css */; };
		A74CBC58296EF72B0020FB0C /* Script.js in Resources */ = {isa = PBXBuildFile; fileRef = A74CBC11296EF72A0020FB0C /* Script.js */; };
		A74CBC59296EF72B0020FB0C /* Script.js in Resources */ = {isa = PBXBuildFile; fileRef = A74CBC11296EF72A0020FB0C /* Script.js */; };
		A74CBC5A296EF72B0020FB0C /* ViewController.swift in Sources */ = {isa = PBXBuildFile; fileRef = A74CBC12296EF72A0020FB0C /* ViewController.swift */; };
		A74CBC5B296EF72B0020FB0C /* ViewController.swift in Sources */ = {isa = PBXBuildFile; fileRef = A74CBC12296EF72A0020FB0C /* ViewController.swift */; };
		A74CBC5C296EF72B0020FB0C /* Assets.xcassets in Resources */ = {isa = PBXBuildFile; fileRef = A74CBC13296EF72B0020FB0C /* Assets.xcassets */; };
		A74CBC5D296EF72B0020FB0C /* Assets.xcassets in Resources */ = {isa = PBXBuildFile; fileRef = A74CBC13296EF72B0020FB0C /* Assets.xcassets */; };
		A74CBC5E296EF72B0020FB0C /* SafariWebExtensionHandler.swift in Sources */ = {isa = PBXBuildFile; fileRef = A74CBC15296EF72B0020FB0C /* SafariWebExtensionHandler.swift */; };
		A74CBC5F296EF72B0020FB0C /* SafariWebExtensionHandler.swift in Sources */ = {isa = PBXBuildFile; fileRef = A74CBC15296EF72B0020FB0C /* SafariWebExtensionHandler.swift */; };
		A74CBC60296EF72B0020FB0C /* _locales in Resources */ = {isa = PBXBuildFile; fileRef = A74CBC17296EF72B0020FB0C /* _locales */; };
		A74CBC61296EF72B0020FB0C /* _locales in Resources */ = {isa = PBXBuildFile; fileRef = A74CBC17296EF72B0020FB0C /* _locales */; };
		A74CBC62296EF72B0020FB0C /* images in Resources */ = {isa = PBXBuildFile; fileRef = A74CBC18296EF72B0020FB0C /* images */; };
		A74CBC63296EF72B0020FB0C /* images in Resources */ = {isa = PBXBuildFile; fileRef = A74CBC18296EF72B0020FB0C /* images */; };
		A74CBC64296EF72B0020FB0C /* manifest.json in Resources */ = {isa = PBXBuildFile; fileRef = A74CBC19296EF72B0020FB0C /* manifest.json */; };
		A74CBC65296EF72B0020FB0C /* manifest.json in Resources */ = {isa = PBXBuildFile; fileRef = A74CBC19296EF72B0020FB0C /* manifest.json */; };
		A74CBC68296EF72B0020FB0C /* content.js in Resources */ = {isa = PBXBuildFile; fileRef = A74CBC1B296EF72B0020FB0C /* content.js */; };
		A74CBC69296EF72B0020FB0C /* content.js in Resources */ = {isa = PBXBuildFile; fileRef = A74CBC1B296EF72B0020FB0C /* content.js */; };
		A74CBC6A296EF72B0020FB0C /* popup.html in Resources */ = {isa = PBXBuildFile; fileRef = A74CBC1C296EF72B0020FB0C /* popup.html */; };
		A74CBC6B296EF72B0020FB0C /* popup.html in Resources */ = {isa = PBXBuildFile; fileRef = A74CBC1C296EF72B0020FB0C /* popup.html */; };
		A74CBC6E296EF72B0020FB0C /* popup.js in Resources */ = {isa = PBXBuildFile; fileRef = A74CBC1E296EF72B0020FB0C /* popup.js */; };
		A74CBC6F296EF72B0020FB0C /* popup.js in Resources */ = {isa = PBXBuildFile; fileRef = A74CBC1E296EF72B0020FB0C /* popup.js */; };
		A75236CC29F315EC00DB19B8 /* HeadingListRenderer.js in Resources */ = {isa = PBXBuildFile; fileRef = A78A220229F2CAE40013A511 /* HeadingListRenderer.js */; };
		A75236CD29F315EC00DB19B8 /* popup.css in Resources */ = {isa = PBXBuildFile; fileRef = A74CBC1D296EF72B0020FB0C /* popup.css */; };
		A75236CE29F315F200DB19B8 /* popup.css in Resources */ = {isa = PBXBuildFile; fileRef = A75236C629F2E36900DB19B8 /* popup.css */; };
		A75236CF29F315F200DB19B8 /* HeadingListRenderer.js in Resources */ = {isa = PBXBuildFile; fileRef = A75236C429F2E00600DB19B8 /* HeadingListRenderer.js */; };
/* End PBXBuildFile section */

/* Begin PBXContainerItemProxy section */
		A74CBC43296EF72B0020FB0C /* PBXContainerItemProxy */ = {
			isa = PBXContainerItemProxy;
			containerPortal = A74CBC07296EF72A0020FB0C /* Project object */;
			proxyType = 1;
			remoteGlobalIDString = A74CBC40296EF72B0020FB0C;
			remoteInfo = "Table of contents Extension (iOS)";
		};
		A74CBC4D296EF72B0020FB0C /* PBXContainerItemProxy */ = {
			isa = PBXContainerItemProxy;
			containerPortal = A74CBC07296EF72A0020FB0C /* Project object */;
			proxyType = 1;
			remoteGlobalIDString = A74CBC4A296EF72B0020FB0C;
			remoteInfo = "Table of contents Extension (macOS)";
		};
/* End PBXContainerItemProxy section */

/* Begin PBXCopyFilesBuildPhase section */
		A74CBC75296EF72B0020FB0C /* Embed Foundation Extensions */ = {
			isa = PBXCopyFilesBuildPhase;
			buildActionMask = 2147483647;
			dstPath = "";
			dstSubfolderSpec = 13;
			files = (
				A74CBC42296EF72B0020FB0C /* Table of contents Extension.appex in Embed Foundation Extensions */,
			);
			name = "Embed Foundation Extensions";
			runOnlyForDeploymentPostprocessing = 0;
		};
		A74CBC7C296EF72B0020FB0C /* Embed Foundation Extensions */ = {
			isa = PBXCopyFilesBuildPhase;
			buildActionMask = 2147483647;
			dstPath = "";
			dstSubfolderSpec = 13;
			files = (
				A74CBC4C296EF72B0020FB0C /* Table of contents Extension.appex in Embed Foundation Extensions */,
			);
			name = "Embed Foundation Extensions";
			runOnlyForDeploymentPostprocessing = 0;
		};
/* End PBXCopyFilesBuildPhase section */

/* Begin PBXFileReference section */
		A74CBC0E296EF72A0020FB0C /* Base */ = {isa = PBXFileReference; lastKnownFileType = text.html; name = Base; path = ../Base.lproj/Main.html; sourceTree = "<group>"; };
		A74CBC0F296EF72A0020FB0C /* Icon.png */ = {isa = PBXFileReference; lastKnownFileType = image.png; path = Icon.png; sourceTree = "<group>"; };
		A74CBC10296EF72A0020FB0C /* Style.css */ = {isa = PBXFileReference; lastKnownFileType = text.css; path = Style.css; sourceTree = "<group>"; };
		A74CBC11296EF72A0020FB0C /* Script.js */ = {isa = PBXFileReference; lastKnownFileType = sourcecode.javascript; path = Script.js; sourceTree = "<group>"; };
		A74CBC12296EF72A0020FB0C /* ViewController.swift */ = {isa = PBXFileReference; lastKnownFileType = sourcecode.swift; path = ViewController.swift; sourceTree = "<group>"; };
		A74CBC13296EF72B0020FB0C /* Assets.xcassets */ = {isa = PBXFileReference; lastKnownFileType = folder.assetcatalog; path = Assets.xcassets; sourceTree = "<group>"; };
		A74CBC15296EF72B0020FB0C /* SafariWebExtensionHandler.swift */ = {isa = PBXFileReference; lastKnownFileType = sourcecode.swift; path = SafariWebExtensionHandler.swift; sourceTree = "<group>"; };
		A74CBC17296EF72B0020FB0C /* _locales */ = {isa = PBXFileReference; lastKnownFileType = folder; path = _locales; sourceTree = "<group>"; };
		A74CBC18296EF72B0020FB0C /* images */ = {isa = PBXFileReference; lastKnownFileType = folder; path = images; sourceTree = "<group>"; };
		A74CBC19296EF72B0020FB0C /* manifest.json */ = {isa = PBXFileReference; lastKnownFileType = text.json; path = manifest.json; sourceTree = "<group>"; };
		A74CBC1B296EF72B0020FB0C /* content.js */ = {isa = PBXFileReference; lastKnownFileType = sourcecode.javascript; path = content.js; sourceTree = "<group>"; };
		A74CBC1C296EF72B0020FB0C /* popup.html */ = {isa = PBXFileReference; lastKnownFileType = text.html; path = popup.html; sourceTree = "<group>"; };
		A74CBC1D296EF72B0020FB0C /* popup.css */ = {isa = PBXFileReference; lastKnownFileType = text.css; path = popup.css; sourceTree = "<group>"; };
		A74CBC1E296EF72B0020FB0C /* popup.js */ = {isa = PBXFileReference; lastKnownFileType = sourcecode.javascript; path = popup.js; sourceTree = "<group>"; };
		A74CBC23296EF72B0020FB0C /* Table of contents.app */ = {isa = PBXFileReference; explicitFileType = wrapper.application; includeInIndex = 0; path = "Table of contents.app"; sourceTree = BUILT_PRODUCTS_DIR; };
		A74CBC26296EF72B0020FB0C /* AppDelegate.swift */ = {isa = PBXFileReference; lastKnownFileType = sourcecode.swift; path = AppDelegate.swift; sourceTree = "<group>"; };
		A74CBC28296EF72B0020FB0C /* SceneDelegate.swift */ = {isa = PBXFileReference; lastKnownFileType = sourcecode.swift; path = SceneDelegate.swift; sourceTree = "<group>"; };
		A74CBC2B296EF72B0020FB0C /* Base */ = {isa = PBXFileReference; lastKnownFileType = file.storyboard; name = Base; path = Base.lproj/LaunchScreen.storyboard; sourceTree = "<group>"; };
		A74CBC2E296EF72B0020FB0C /* Base */ = {isa = PBXFileReference; lastKnownFileType = file.storyboard; name = Base; path = Base.lproj/Main.storyboard; sourceTree = "<group>"; };
		A74CBC30296EF72B0020FB0C /* Info.plist */ = {isa = PBXFileReference; lastKnownFileType = text.plist.xml; path = Info.plist; sourceTree = "<group>"; };
		A74CBC35296EF72B0020FB0C /* Table of contents.app */ = {isa = PBXFileReference; explicitFileType = wrapper.application; includeInIndex = 0; path = "Table of contents.app"; sourceTree = BUILT_PRODUCTS_DIR; };
		A74CBC37296EF72B0020FB0C /* AppDelegate.swift */ = {isa = PBXFileReference; lastKnownFileType = sourcecode.swift; path = AppDelegate.swift; sourceTree = "<group>"; };
		A74CBC3A296EF72B0020FB0C /* Base */ = {isa = PBXFileReference; lastKnownFileType = file.storyboard; name = Base; path = Base.lproj/Main.storyboard; sourceTree = "<group>"; };
		A74CBC3C296EF72B0020FB0C /* Table of contents.entitlements */ = {isa = PBXFileReference; lastKnownFileType = text.plist.entitlements; path = "Table of contents.entitlements"; sourceTree = "<group>"; };
		A74CBC41296EF72B0020FB0C /* Table of contents Extension.appex */ = {isa = PBXFileReference; explicitFileType = "wrapper.app-extension"; includeInIndex = 0; path = "Table of contents Extension.appex"; sourceTree = BUILT_PRODUCTS_DIR; };
		A74CBC46296EF72B0020FB0C /* Info.plist */ = {isa = PBXFileReference; lastKnownFileType = text.plist.xml; path = Info.plist; sourceTree = "<group>"; };
		A74CBC4B296EF72B0020FB0C /* Table of contents Extension.appex */ = {isa = PBXFileReference; explicitFileType = "wrapper.app-extension"; includeInIndex = 0; path = "Table of contents Extension.appex"; sourceTree = BUILT_PRODUCTS_DIR; };
		A74CBC50296EF72B0020FB0C /* Info.plist */ = {isa = PBXFileReference; lastKnownFileType = text.plist.xml; path = Info.plist; sourceTree = "<group>"; };
		A74CBC51296EF72B0020FB0C /* Table of contents.entitlements */ = {isa = PBXFileReference; lastKnownFileType = text.plist.entitlements; path = "Table of contents.entitlements"; sourceTree = "<group>"; };
		A75236C429F2E00600DB19B8 /* HeadingListRenderer.js */ = {isa = PBXFileReference; lastKnownFileType = sourcecode.javascript; path = HeadingListRenderer.js; sourceTree = "<group>"; };
		A75236C629F2E36900DB19B8 /* popup.css */ = {isa = PBXFileReference; lastKnownFileType = text.css; path = popup.css; sourceTree = "<group>"; };
		A78A220229F2CAE40013A511 /* HeadingListRenderer.js */ = {isa = PBXFileReference; lastKnownFileType = sourcecode.javascript; path = HeadingListRenderer.js; sourceTree = "<group>"; };
		A7F7E2B12B53DE15007C6BFF /* build-for-firefox.sh */ = {isa = PBXFileReference; lastKnownFileType = text.script.sh; path = "build-for-firefox.sh"; sourceTree = "<group>"; };
/* End PBXFileReference section */

/* Begin PBXFrameworksBuildPhase section */
		A74CBC20296EF72B0020FB0C /* Frameworks */ = {
			isa = PBXFrameworksBuildPhase;
			buildActionMask = 2147483647;
			files = (
			);
			runOnlyForDeploymentPostprocessing = 0;
		};
		A74CBC32296EF72B0020FB0C /* Frameworks */ = {
			isa = PBXFrameworksBuildPhase;
			buildActionMask = 2147483647;
			files = (
			);
			runOnlyForDeploymentPostprocessing = 0;
		};
		A74CBC3E296EF72B0020FB0C /* Frameworks */ = {
			isa = PBXFrameworksBuildPhase;
			buildActionMask = 2147483647;
			files = (
			);
			runOnlyForDeploymentPostprocessing = 0;
		};
		A74CBC48296EF72B0020FB0C /* Frameworks */ = {
			isa = PBXFrameworksBuildPhase;
			buildActionMask = 2147483647;
			files = (
			);
			runOnlyForDeploymentPostprocessing = 0;
		};
/* End PBXFrameworksBuildPhase section */

/* Begin PBXGroup section */
		A74CBC06296EF72A0020FB0C = {
			isa = PBXGroup;
			children = (
				A7F7E2B12B53DE15007C6BFF /* build-for-firefox.sh */,
				A74CBC0B296EF72A0020FB0C /* Shared (App) */,
				A74CBC14296EF72B0020FB0C /* Shared (Extension) */,
				A74CBC25296EF72B0020FB0C /* iOS (App) */,
				A74CBC36296EF72B0020FB0C /* macOS (App) */,
				A74CBC45296EF72B0020FB0C /* iOS (Extension) */,
				A74CBC4F296EF72B0020FB0C /* macOS (Extension) */,
				A74CBC24296EF72B0020FB0C /* Products */,
			);
			sourceTree = "<group>";
		};
		A74CBC0B296EF72A0020FB0C /* Shared (App) */ = {
			isa = PBXGroup;
			children = (
				A74CBC12296EF72A0020FB0C /* ViewController.swift */,
				A74CBC13296EF72B0020FB0C /* Assets.xcassets */,
				A74CBC0C296EF72A0020FB0C /* Resources */,
			);
			path = "Shared (App)";
			sourceTree = "<group>";
		};
		A74CBC0C296EF72A0020FB0C /* Resources */ = {
			isa = PBXGroup;
			children = (
				A74CBC0D296EF72A0020FB0C /* Main.html */,
				A74CBC0F296EF72A0020FB0C /* Icon.png */,
				A74CBC10296EF72A0020FB0C /* Style.css */,
				A74CBC11296EF72A0020FB0C /* Script.js */,
			);
			path = Resources;
			sourceTree = "<group>";
		};
		A74CBC14296EF72B0020FB0C /* Shared (Extension) */ = {
			isa = PBXGroup;
			children = (
				A74CBC15296EF72B0020FB0C /* SafariWebExtensionHandler.swift */,
				A74CBC16296EF72B0020FB0C /* Resources */,
			);
			path = "Shared (Extension)";
			sourceTree = "<group>";
		};
		A74CBC16296EF72B0020FB0C /* Resources */ = {
			isa = PBXGroup;
			children = (
				A74CBC17296EF72B0020FB0C /* _locales */,
				A74CBC18296EF72B0020FB0C /* images */,
				A74CBC19296EF72B0020FB0C /* manifest.json */,
				A74CBC1B296EF72B0020FB0C /* content.js */,
				A74CBC1C296EF72B0020FB0C /* popup.html */,
				A74CBC1D296EF72B0020FB0C /* popup.css */,
				A74CBC1E296EF72B0020FB0C /* popup.js */,
				A78A220229F2CAE40013A511 /* HeadingListRenderer.js */,
			);
			path = Resources;
			sourceTree = "<group>";
		};
		A74CBC24296EF72B0020FB0C /* Products */ = {
			isa = PBXGroup;
			children = (
				A74CBC23296EF72B0020FB0C /* Table of contents.app */,
				A74CBC35296EF72B0020FB0C /* Table of contents.app */,
				A74CBC41296EF72B0020FB0C /* Table of contents Extension.appex */,
				A74CBC4B296EF72B0020FB0C /* Table of contents Extension.appex */,
			);
			name = Products;
			sourceTree = "<group>";
		};
		A74CBC25296EF72B0020FB0C /* iOS (App) */ = {
			isa = PBXGroup;
			children = (
				A74CBC26296EF72B0020FB0C /* AppDelegate.swift */,
				A74CBC28296EF72B0020FB0C /* SceneDelegate.swift */,
				A74CBC2A296EF72B0020FB0C /* LaunchScreen.storyboard */,
				A74CBC2D296EF72B0020FB0C /* Main.storyboard */,
				A74CBC30296EF72B0020FB0C /* Info.plist */,
			);
			path = "iOS (App)";
			sourceTree = "<group>";
		};
		A74CBC36296EF72B0020FB0C /* macOS (App) */ = {
			isa = PBXGroup;
			children = (
				A74CBC37296EF72B0020FB0C /* AppDelegate.swift */,
				A74CBC39296EF72B0020FB0C /* Main.storyboard */,
				A74CBC3C296EF72B0020FB0C /* Table of contents.entitlements */,
			);
			path = "macOS (App)";
			sourceTree = "<group>";
		};
		A74CBC45296EF72B0020FB0C /* iOS (Extension) */ = {
			isa = PBXGroup;
			children = (
				A74CBC46296EF72B0020FB0C /* Info.plist */,
				A75236C629F2E36900DB19B8 /* popup.css */,
				A75236C429F2E00600DB19B8 /* HeadingListRenderer.js */,
			);
			path = "iOS (Extension)";
			sourceTree = "<group>";
		};
		A74CBC4F296EF72B0020FB0C /* macOS (Extension) */ = {
			isa = PBXGroup;
			children = (
				A74CBC50296EF72B0020FB0C /* Info.plist */,
				A74CBC51296EF72B0020FB0C /* Table of contents.entitlements */,
			);
			path = "macOS (Extension)";
			sourceTree = "<group>";
		};
/* End PBXGroup section */

/* Begin PBXNativeTarget section */
		A74CBC22296EF72B0020FB0C /* Table of contents (iOS) */ = {
			isa = PBXNativeTarget;
			buildConfigurationList = A74CBC76296EF72B0020FB0C /* Build configuration list for PBXNativeTarget "Table of contents (iOS)" */;
			buildPhases = (
				A74CBC1F296EF72B0020FB0C /* Sources */,
				A74CBC20296EF72B0020FB0C /* Frameworks */,
				A74CBC21296EF72B0020FB0C /* Resources */,
				A74CBC75296EF72B0020FB0C /* Embed Foundation Extensions */,
			);
			buildRules = (
			);
			dependencies = (
				A74CBC44296EF72B0020FB0C /* PBXTargetDependency */,
			);
			name = "Table of contents (iOS)";
			productName = "Table of contents (iOS)";
			productReference = A74CBC23296EF72B0020FB0C /* Table of contents.app */;
			productType = "com.apple.product-type.application";
		};
		A74CBC34296EF72B0020FB0C /* Table of contents (macOS) */ = {
			isa = PBXNativeTarget;
			buildConfigurationList = A74CBC7D296EF72B0020FB0C /* Build configuration list for PBXNativeTarget "Table of contents (macOS)" */;
			buildPhases = (
				A74CBC31296EF72B0020FB0C /* Sources */,
				A74CBC32296EF72B0020FB0C /* Frameworks */,
				A74CBC33296EF72B0020FB0C /* Resources */,
				A74CBC7C296EF72B0020FB0C /* Embed Foundation Extensions */,
			);
			buildRules = (
			);
			dependencies = (
				A74CBC4E296EF72B0020FB0C /* PBXTargetDependency */,
			);
			name = "Table of contents (macOS)";
			productName = "Table of contents (macOS)";
			productReference = A74CBC35296EF72B0020FB0C /* Table of contents.app */;
			productType = "com.apple.product-type.application";
		};
		A74CBC40296EF72B0020FB0C /* Table of contents Extension (iOS) */ = {
			isa = PBXNativeTarget;
			buildConfigurationList = A74CBC72296EF72B0020FB0C /* Build configuration list for PBXNativeTarget "Table of contents Extension (iOS)" */;
			buildPhases = (
				A74CBC3D296EF72B0020FB0C /* Sources */,
				A74CBC3E296EF72B0020FB0C /* Frameworks */,
				A74CBC3F296EF72B0020FB0C /* Resources */,
			);
			buildRules = (
			);
			dependencies = (
			);
			name = "Table of contents Extension (iOS)";
			productName = "Table of contents Extension (iOS)";
			productReference = A74CBC41296EF72B0020FB0C /* Table of contents Extension.appex */;
			productType = "com.apple.product-type.app-extension";
		};
		A74CBC4A296EF72B0020FB0C /* Table of contents Extension (macOS) */ = {
			isa = PBXNativeTarget;
			buildConfigurationList = A74CBC79296EF72B0020FB0C /* Build configuration list for PBXNativeTarget "Table of contents Extension (macOS)" */;
			buildPhases = (
				A74CBC47296EF72B0020FB0C /* Sources */,
				A74CBC48296EF72B0020FB0C /* Frameworks */,
				A74CBC49296EF72B0020FB0C /* Resources */,
			);
			buildRules = (
			);
			dependencies = (
			);
			name = "Table of contents Extension (macOS)";
			productName = "Table of contents Extension (macOS)";
			productReference = A74CBC4B296EF72B0020FB0C /* Table of contents Extension.appex */;
			productType = "com.apple.product-type.app-extension";
		};
/* End PBXNativeTarget section */

/* Begin PBXProject section */
		A74CBC07296EF72A0020FB0C /* Project object */ = {
			isa = PBXProject;
			attributes = {
				BuildIndependentTargetsInParallel = 1;
				LastSwiftUpdateCheck = 1410;
				LastUpgradeCheck = 1410;
				TargetAttributes = {
					A74CBC22296EF72B0020FB0C = {
						CreatedOnToolsVersion = 14.1;
					};
					A74CBC34296EF72B0020FB0C = {
						CreatedOnToolsVersion = 14.1;
					};
					A74CBC40296EF72B0020FB0C = {
						CreatedOnToolsVersion = 14.1;
					};
					A74CBC4A296EF72B0020FB0C = {
						CreatedOnToolsVersion = 14.1;
					};
				};
			};
			buildConfigurationList = A74CBC0A296EF72A0020FB0C /* Build configuration list for PBXProject "Table of contents" */;
			compatibilityVersion = "Xcode 14.0";
			developmentRegion = en;
			hasScannedForEncodings = 0;
			knownRegions = (
				en,
				Base,
			);
			mainGroup = A74CBC06296EF72A0020FB0C;
			productRefGroup = A74CBC24296EF72B0020FB0C /* Products */;
			projectDirPath = "";
			projectRoot = "";
			targets = (
				A74CBC22296EF72B0020FB0C /* Table of contents (iOS) */,
				A74CBC34296EF72B0020FB0C /* Table of contents (macOS) */,
				A74CBC40296EF72B0020FB0C /* Table of contents Extension (iOS) */,
				A74CBC4A296EF72B0020FB0C /* Table of contents Extension (macOS) */,
			);
		};
/* End PBXProject section */

/* Begin PBXResourcesBuildPhase section */
		A74CBC21296EF72B0020FB0C /* Resources */ = {
			isa = PBXResourcesBuildPhase;
			buildActionMask = 2147483647;
			files = (
				A74CBC54296EF72B0020FB0C /* Icon.png in Resources */,
				A74CBC2C296EF72B0020FB0C /* LaunchScreen.storyboard in Resources */,
				A74CBC52296EF72B0020FB0C /* Main.html in Resources */,
				A74CBC58296EF72B0020FB0C /* Script.js in Resources */,
				A74CBC5C296EF72B0020FB0C /* Assets.xcassets in Resources */,
				A74CBC2F296EF72B0020FB0C /* Main.storyboard in Resources */,
				A74CBC56296EF72B0020FB0C /* Style.css in Resources */,
			);
			runOnlyForDeploymentPostprocessing = 0;
		};
		A74CBC33296EF72B0020FB0C /* Resources */ = {
			isa = PBXResourcesBuildPhase;
			buildActionMask = 2147483647;
			files = (
				A74CBC55296EF72B0020FB0C /* Icon.png in Resources */,
				A74CBC57296EF72B0020FB0C /* Style.css in Resources */,
				A74CBC3B296EF72B0020FB0C /* Main.storyboard in Resources */,
				A74CBC59296EF72B0020FB0C /* Script.js in Resources */,
				A74CBC5D296EF72B0020FB0C /* Assets.xcassets in Resources */,
				A74CBC53296EF72B0020FB0C /* Main.html in Resources */,
			);
			runOnlyForDeploymentPostprocessing = 0;
		};
		A74CBC3F296EF72B0020FB0C /* Resources */ = {
			isa = PBXResourcesBuildPhase;
			buildActionMask = 2147483647;
			files = (
				A74CBC6A296EF72B0020FB0C /* popup.html in Resources */,
				A75236CE29F315F200DB19B8 /* popup.css in Resources */,
				A74CBC62296EF72B0020FB0C /* images in Resources */,
				A74CBC64296EF72B0020FB0C /* manifest.json in Resources */,
				A75236CF29F315F200DB19B8 /* HeadingListRenderer.js in Resources */,
				A74CBC60296EF72B0020FB0C /* _locales in Resources */,
				A74CBC68296EF72B0020FB0C /* content.js in Resources */,
				A74CBC6E296EF72B0020FB0C /* popup.js in Resources */,
			);
			runOnlyForDeploymentPostprocessing = 0;
		};
		A74CBC49296EF72B0020FB0C /* Resources */ = {
			isa = PBXResourcesBuildPhase;
			buildActionMask = 2147483647;
			files = (
				A75236CD29F315EC00DB19B8 /* popup.css in Resources */,
				A74CBC6B296EF72B0020FB0C /* popup.html in Resources */,
				A75236CC29F315EC00DB19B8 /* HeadingListRenderer.js in Resources */,
				A74CBC63296EF72B0020FB0C /* images in Resources */,
				A74CBC65296EF72B0020FB0C /* manifest.json in Resources */,
				A74CBC61296EF72B0020FB0C /* _locales in Resources */,
				A74CBC69296EF72B0020FB0C /* content.js in Resources */,
				A74CBC6F296EF72B0020FB0C /* popup.js in Resources */,
			);
			runOnlyForDeploymentPostprocessing = 0;
		};
/* End PBXResourcesBuildPhase section */

/* Begin PBXSourcesBuildPhase section */
		A74CBC1F296EF72B0020FB0C /* Sources */ = {
			isa = PBXSourcesBuildPhase;
			buildActionMask = 2147483647;
			files = (
				A74CBC5A296EF72B0020FB0C /* ViewController.swift in Sources */,
				A74CBC27296EF72B0020FB0C /* AppDelegate.swift in Sources */,
				A74CBC29296EF72B0020FB0C /* SceneDelegate.swift in Sources */,
			);
			runOnlyForDeploymentPostprocessing = 0;
		};
		A74CBC31296EF72B0020FB0C /* Sources */ = {
			isa = PBXSourcesBuildPhase;
			buildActionMask = 2147483647;
			files = (
				A74CBC5B296EF72B0020FB0C /* ViewController.swift in Sources */,
				A74CBC38296EF72B0020FB0C /* AppDelegate.swift in Sources */,
			);
			runOnlyForDeploymentPostprocessing = 0;
		};
		A74CBC3D296EF72B0020FB0C /* Sources */ = {
			isa = PBXSourcesBuildPhase;
			buildActionMask = 2147483647;
			files = (
				A74CBC5E296EF72B0020FB0C /* SafariWebExtensionHandler.swift in Sources */,
			);
			runOnlyForDeploymentPostprocessing = 0;
		};
		A74CBC47296EF72B0020FB0C /* Sources */ = {
			isa = PBXSourcesBuildPhase;
			buildActionMask = 2147483647;
			files = (
				A74CBC5F296EF72B0020FB0C /* SafariWebExtensionHandler.swift in Sources */,
			);
			runOnlyForDeploymentPostprocessing = 0;
		};
/* End PBXSourcesBuildPhase section */

/* Begin PBXTargetDependency section */
		A74CBC44296EF72B0020FB0C /* PBXTargetDependency */ = {
			isa = PBXTargetDependency;
			target = A74CBC40296EF72B0020FB0C /* Table of contents Extension (iOS) */;
			targetProxy = A74CBC43296EF72B0020FB0C /* PBXContainerItemProxy */;
		};
		A74CBC4E296EF72B0020FB0C /* PBXTargetDependency */ = {
			isa = PBXTargetDependency;
			target = A74CBC4A296EF72B0020FB0C /* Table of contents Extension (macOS) */;
			targetProxy = A74CBC4D296EF72B0020FB0C /* PBXContainerItemProxy */;
		};
/* End PBXTargetDependency section */

/* Begin PBXVariantGroup section */
		A74CBC0D296EF72A0020FB0C /* Main.html */ = {
			isa = PBXVariantGroup;
			children = (
				A74CBC0E296EF72A0020FB0C /* Base */,
			);
			name = Main.html;
			sourceTree = "<group>";
		};
		A74CBC2A296EF72B0020FB0C /* LaunchScreen.storyboard */ = {
			isa = PBXVariantGroup;
			children = (
				A74CBC2B296EF72B0020FB0C /* Base */,
			);
			name = LaunchScreen.storyboard;
			sourceTree = "<group>";
		};
		A74CBC2D296EF72B0020FB0C /* Main.storyboard */ = {
			isa = PBXVariantGroup;
			children = (
				A74CBC2E296EF72B0020FB0C /* Base */,
			);
			name = Main.storyboard;
			sourceTree = "<group>";
		};
		A74CBC39296EF72B0020FB0C /* Main.storyboard */ = {
			isa = PBXVariantGroup;
			children = (
				A74CBC3A296EF72B0020FB0C /* Base */,
			);
			name = Main.storyboard;
			sourceTree = "<group>";
		};
/* End PBXVariantGroup section */

/* Begin XCBuildConfiguration section */
		A74CBC70296EF72B0020FB0C /* Debug */ = {
			isa = XCBuildConfiguration;
			buildSettings = {
				ALWAYS_SEARCH_USER_PATHS = NO;
				CLANG_ANALYZER_NONNULL = YES;
				CLANG_ANALYZER_NUMBER_OBJECT_CONVERSION = YES_AGGRESSIVE;
				CLANG_CXX_LANGUAGE_STANDARD = "gnu++20";
				CLANG_ENABLE_MODULES = YES;
				CLANG_ENABLE_OBJC_ARC = YES;
				CLANG_ENABLE_OBJC_WEAK = YES;
				CLANG_WARN_BLOCK_CAPTURE_AUTORELEASING = YES;
				CLANG_WARN_BOOL_CONVERSION = YES;
				CLANG_WARN_COMMA = YES;
				CLANG_WARN_CONSTANT_CONVERSION = YES;
				CLANG_WARN_DEPRECATED_OBJC_IMPLEMENTATIONS = YES;
				CLANG_WARN_DIRECT_OBJC_ISA_USAGE = YES_ERROR;
				CLANG_WARN_DOCUMENTATION_COMMENTS = YES;
				CLANG_WARN_EMPTY_BODY = YES;
				CLANG_WARN_ENUM_CONVERSION = YES;
				CLANG_WARN_INFINITE_RECURSION = YES;
				CLANG_WARN_INT_CONVERSION = YES;
				CLANG_WARN_NON_LITERAL_NULL_CONVERSION = YES;
				CLANG_WARN_OBJC_IMPLICIT_RETAIN_SELF = YES;
				CLANG_WARN_OBJC_LITERAL_CONVERSION = YES;
				CLANG_WARN_OBJC_ROOT_CLASS = YES_ERROR;
				CLANG_WARN_QUOTED_INCLUDE_IN_FRAMEWORK_HEADER = YES;
				CLANG_WARN_RANGE_LOOP_ANALYSIS = YES;
				CLANG_WARN_STRICT_PROTOTYPES = YES;
				CLANG_WARN_SUSPICIOUS_MOVE = YES;
				CLANG_WARN_UNGUARDED_AVAILABILITY = YES_AGGRESSIVE;
				CLANG_WARN_UNREACHABLE_CODE = YES;
				CLANG_WARN__DUPLICATE_METHOD_MATCH = YES;
				COPY_PHASE_STRIP = NO;
				DEBUG_INFORMATION_FORMAT = dwarf;
				ENABLE_STRICT_OBJC_MSGSEND = YES;
				ENABLE_TESTABILITY = YES;
				GCC_C_LANGUAGE_STANDARD = gnu11;
				GCC_DYNAMIC_NO_PIC = NO;
				GCC_NO_COMMON_BLOCKS = YES;
				GCC_OPTIMIZATION_LEVEL = 0;
				GCC_PREPROCESSOR_DEFINITIONS = (
					"DEBUG=1",
					"$(inherited)",
				);
				GCC_WARN_64_TO_32_BIT_CONVERSION = YES;
				GCC_WARN_ABOUT_RETURN_TYPE = YES_ERROR;
				GCC_WARN_UNDECLARED_SELECTOR = YES;
				GCC_WARN_UNINITIALIZED_AUTOS = YES_AGGRESSIVE;
				GCC_WARN_UNUSED_FUNCTION = YES;
				GCC_WARN_UNUSED_VARIABLE = YES;
				MTL_ENABLE_DEBUG_INFO = INCLUDE_SOURCE;
				MTL_FAST_MATH = YES;
				ONLY_ACTIVE_ARCH = YES;
				SWIFT_ACTIVE_COMPILATION_CONDITIONS = DEBUG;
				SWIFT_OPTIMIZATION_LEVEL = "-Onone";
			};
			name = Debug;
		};
		A74CBC71296EF72B0020FB0C /* Release */ = {
			isa = XCBuildConfiguration;
			buildSettings = {
				ALWAYS_SEARCH_USER_PATHS = NO;
				CLANG_ANALYZER_NONNULL = YES;
				CLANG_ANALYZER_NUMBER_OBJECT_CONVERSION = YES_AGGRESSIVE;
				CLANG_CXX_LANGUAGE_STANDARD = "gnu++20";
				CLANG_ENABLE_MODULES = YES;
				CLANG_ENABLE_OBJC_ARC = YES;
				CLANG_ENABLE_OBJC_WEAK = YES;
				CLANG_WARN_BLOCK_CAPTURE_AUTORELEASING = YES;
				CLANG_WARN_BOOL_CONVERSION = YES;
				CLANG_WARN_COMMA = YES;
				CLANG_WARN_CONSTANT_CONVERSION = YES;
				CLANG_WARN_DEPRECATED_OBJC_IMPLEMENTATIONS = YES;
				CLANG_WARN_DIRECT_OBJC_ISA_USAGE = YES_ERROR;
				CLANG_WARN_DOCUMENTATION_COMMENTS = YES;
				CLANG_WARN_EMPTY_BODY = YES;
				CLANG_WARN_ENUM_CONVERSION = YES;
				CLANG_WARN_INFINITE_RECURSION = YES;
				CLANG_WARN_INT_CONVERSION = YES;
				CLANG_WARN_NON_LITERAL_NULL_CONVERSION = YES;
				CLANG_WARN_OBJC_IMPLICIT_RETAIN_SELF = YES;
				CLANG_WARN_OBJC_LITERAL_CONVERSION = YES;
				CLANG_WARN_OBJC_ROOT_CLASS = YES_ERROR;
				CLANG_WARN_QUOTED_INCLUDE_IN_FRAMEWORK_HEADER = YES;
				CLANG_WARN_RANGE_LOOP_ANALYSIS = YES;
				CLANG_WARN_STRICT_PROTOTYPES = YES;
				CLANG_WARN_SUSPICIOUS_MOVE = YES;
				CLANG_WARN_UNGUARDED_AVAILABILITY = YES_AGGRESSIVE;
				CLANG_WARN_UNREACHABLE_CODE = YES;
				CLANG_WARN__DUPLICATE_METHOD_MATCH = YES;
				COPY_PHASE_STRIP = NO;
				DEBUG_INFORMATION_FORMAT = "dwarf-with-dsym";
				ENABLE_NS_ASSERTIONS = NO;
				ENABLE_STRICT_OBJC_MSGSEND = YES;
				GCC_C_LANGUAGE_STANDARD = gnu11;
				GCC_NO_COMMON_BLOCKS = YES;
				GCC_WARN_64_TO_32_BIT_CONVERSION = YES;
				GCC_WARN_ABOUT_RETURN_TYPE = YES_ERROR;
				GCC_WARN_UNDECLARED_SELECTOR = YES;
				GCC_WARN_UNINITIALIZED_AUTOS = YES_AGGRESSIVE;
				GCC_WARN_UNUSED_FUNCTION = YES;
				GCC_WARN_UNUSED_VARIABLE = YES;
				MTL_ENABLE_DEBUG_INFO = NO;
				MTL_FAST_MATH = YES;
				SWIFT_COMPILATION_MODE = wholemodule;
				SWIFT_OPTIMIZATION_LEVEL = "-O";
			};
			name = Release;
		};
		A74CBC73296EF72B0020FB0C /* Debug */ = {
			isa = XCBuildConfiguration;
			buildSettings = {
				CODE_SIGN_STYLE = Automatic;
				CURRENT_PROJECT_VERSION = 1;
				DEVELOPMENT_TEAM = 6XWJB5YJ6J;
				GENERATE_INFOPLIST_FILE = YES;
				INFOPLIST_FILE = "iOS (Extension)/Info.plist";
				INFOPLIST_KEY_CFBundleDisplayName = "Table of contents Extension";
				INFOPLIST_KEY_NSHumanReadableCopyright = "";
				IPHONEOS_DEPLOYMENT_TARGET = 15.0;
				LD_RUNPATH_SEARCH_PATHS = (
					"$(inherited)",
					"@executable_path/Frameworks",
					"@executable_path/../../Frameworks",
				);
				MARKETING_VERSION = 1.0;
				OTHER_LDFLAGS = (
					"-framework",
					SafariServices,
				);
				PRODUCT_BUNDLE_IDENTIFIER = "garden.lemon.Table-of-contents-debug.Extension";
				PRODUCT_NAME = "Table of contents Extension";
				SDKROOT = iphoneos;
				SKIP_INSTALL = YES;
				SWIFT_EMIT_LOC_STRINGS = YES;
				SWIFT_VERSION = 5.0;
				TARGETED_DEVICE_FAMILY = "1,2";
			};
			name = Debug;
		};
		A74CBC74296EF72B0020FB0C /* Release */ = {
			isa = XCBuildConfiguration;
			buildSettings = {
				CODE_SIGN_STYLE = Automatic;
				CURRENT_PROJECT_VERSION = 1;
				DEVELOPMENT_TEAM = 6XWJB5YJ6J;
				GENERATE_INFOPLIST_FILE = YES;
				INFOPLIST_FILE = "iOS (Extension)/Info.plist";
				INFOPLIST_KEY_CFBundleDisplayName = "Table of contents Extension";
				INFOPLIST_KEY_NSHumanReadableCopyright = "";
				IPHONEOS_DEPLOYMENT_TARGET = 15.0;
				LD_RUNPATH_SEARCH_PATHS = (
					"$(inherited)",
					"@executable_path/Frameworks",
					"@executable_path/../../Frameworks",
				);
				MARKETING_VERSION = 1.0;
				OTHER_LDFLAGS = (
					"-framework",
					SafariServices,
				);
				PRODUCT_BUNDLE_IDENTIFIER = "garden.lemon.Table-of-contents.Extension";
				PRODUCT_NAME = "Table of contents Extension";
				SDKROOT = iphoneos;
				SKIP_INSTALL = YES;
				SWIFT_EMIT_LOC_STRINGS = YES;
				SWIFT_VERSION = 5.0;
				TARGETED_DEVICE_FAMILY = "1,2";
				VALIDATE_PRODUCT = YES;
			};
			name = Release;
		};
		A74CBC77296EF72B0020FB0C /* Debug */ = {
			isa = XCBuildConfiguration;
			buildSettings = {
				ALWAYS_EMBED_SWIFT_STANDARD_LIBRARIES = YES;
				ASSETCATALOG_COMPILER_APPICON_NAME = AppIcon;
				ASSETCATALOG_COMPILER_GLOBAL_ACCENT_COLOR_NAME = AccentColor;
				CODE_SIGN_STYLE = Automatic;
				CURRENT_PROJECT_VERSION = 3;
				DEVELOPMENT_TEAM = 6XWJB5YJ6J;
				GENERATE_INFOPLIST_FILE = YES;
				INFOPLIST_FILE = "iOS (App)/Info.plist";
				INFOPLIST_KEY_CFBundleDisplayName = "Table of contents";
				INFOPLIST_KEY_UIApplicationSupportsIndirectInputEvents = YES;
				INFOPLIST_KEY_UILaunchStoryboardName = LaunchScreen;
				INFOPLIST_KEY_UIMainStoryboardFile = Main;
				INFOPLIST_KEY_UISupportedInterfaceOrientations = "UIInterfaceOrientationPortrait UIInterfaceOrientationLandscapeLeft UIInterfaceOrientationLandscapeRight";
				INFOPLIST_KEY_UISupportedInterfaceOrientations_iPad = "UIInterfaceOrientationPortrait UIInterfaceOrientationPortraitUpsideDown UIInterfaceOrientationLandscapeLeft UIInterfaceOrientationLandscapeRight";
				IPHONEOS_DEPLOYMENT_TARGET = 15.0;
				LD_RUNPATH_SEARCH_PATHS = (
					"$(inherited)",
					"@executable_path/Frameworks",
				);
				MARKETING_VERSION = 1.2;
				OTHER_LDFLAGS = (
					"-framework",
					SafariServices,
					"-framework",
					WebKit,
				);
				PRODUCT_BUNDLE_IDENTIFIER = "garden.lemon.Table-of-contents-debug";
				PRODUCT_NAME = "Table of contents";
				SDKROOT = iphoneos;
				SWIFT_EMIT_LOC_STRINGS = YES;
				SWIFT_VERSION = 5.0;
				TARGETED_DEVICE_FAMILY = "1,2";
			};
			name = Debug;
		};
		A74CBC78296EF72B0020FB0C /* Release */ = {
			isa = XCBuildConfiguration;
			buildSettings = {
				ALWAYS_EMBED_SWIFT_STANDARD_LIBRARIES = YES;
				ASSETCATALOG_COMPILER_APPICON_NAME = AppIcon;
				ASSETCATALOG_COMPILER_GLOBAL_ACCENT_COLOR_NAME = AccentColor;
				CODE_SIGN_STYLE = Automatic;
				CURRENT_PROJECT_VERSION = 3;
				DEVELOPMENT_TEAM = 6XWJB5YJ6J;
				GENERATE_INFOPLIST_FILE = YES;
				INFOPLIST_FILE = "iOS (App)/Info.plist";
				INFOPLIST_KEY_CFBundleDisplayName = "Table of contents";
				INFOPLIST_KEY_UIApplicationSupportsIndirectInputEvents = YES;
				INFOPLIST_KEY_UILaunchStoryboardName = LaunchScreen;
				INFOPLIST_KEY_UIMainStoryboardFile = Main;
				INFOPLIST_KEY_UISupportedInterfaceOrientations = "UIInterfaceOrientationPortrait UIInterfaceOrientationLandscapeLeft UIInterfaceOrientationLandscapeRight";
				INFOPLIST_KEY_UISupportedInterfaceOrientations_iPad = "UIInterfaceOrientationPortrait UIInterfaceOrientationPortraitUpsideDown UIInterfaceOrientationLandscapeLeft UIInterfaceOrientationLandscapeRight";
				IPHONEOS_DEPLOYMENT_TARGET = 15.0;
				LD_RUNPATH_SEARCH_PATHS = (
					"$(inherited)",
					"@executable_path/Frameworks",
				);
				MARKETING_VERSION = 1.2;
				OTHER_LDFLAGS = (
					"-framework",
					SafariServices,
					"-framework",
					WebKit,
				);
				PRODUCT_BUNDLE_IDENTIFIER = "garden.lemon.Table-of-contents";
				PRODUCT_NAME = "Table of contents";
				SDKROOT = iphoneos;
				SWIFT_EMIT_LOC_STRINGS = YES;
				SWIFT_VERSION = 5.0;
				TARGETED_DEVICE_FAMILY = "1,2";
				VALIDATE_PRODUCT = YES;
			};
			name = Release;
		};
		A74CBC7A296EF72B0020FB0C /* Debug */ = {
			isa = XCBuildConfiguration;
			buildSettings = {
				CODE_SIGN_ENTITLEMENTS = "macOS (Extension)/Table of contents.entitlements";
				CODE_SIGN_STYLE = Automatic;
				CURRENT_PROJECT_VERSION = 1;
				DEVELOPMENT_TEAM = 6XWJB5YJ6J;
				ENABLE_HARDENED_RUNTIME = YES;
				GENERATE_INFOPLIST_FILE = YES;
				INFOPLIST_FILE = "macOS (Extension)/Info.plist";
				INFOPLIST_KEY_CFBundleDisplayName = "Table of contents Extension";
				INFOPLIST_KEY_NSHumanReadableCopyright = "";
				LD_RUNPATH_SEARCH_PATHS = (
					"$(inherited)",
					"@executable_path/../Frameworks",
					"@executable_path/../../../../Frameworks",
				);
				MACOSX_DEPLOYMENT_TARGET = 10.14;
				MARKETING_VERSION = 1.0;
				OTHER_LDFLAGS = (
					"-framework",
					SafariServices,
				);
				PRODUCT_BUNDLE_IDENTIFIER = "garden.lemon.Table-of-contents-debug.Extension";
				PRODUCT_NAME = "Table of contents Extension";
				SDKROOT = macosx;
				SKIP_INSTALL = YES;
				SWIFT_EMIT_LOC_STRINGS = YES;
				SWIFT_VERSION = 5.0;
			};
			name = Debug;
		};
		A74CBC7B296EF72B0020FB0C /* Release */ = {
			isa = XCBuildConfiguration;
			buildSettings = {
				CODE_SIGN_ENTITLEMENTS = "macOS (Extension)/Table of contents.entitlements";
				CODE_SIGN_STYLE = Automatic;
				CURRENT_PROJECT_VERSION = 1;
				DEVELOPMENT_TEAM = 6XWJB5YJ6J;
				ENABLE_HARDENED_RUNTIME = YES;
				GENERATE_INFOPLIST_FILE = YES;
				INFOPLIST_FILE = "macOS (Extension)/Info.plist";
				INFOPLIST_KEY_CFBundleDisplayName = "Table of contents Extension";
				INFOPLIST_KEY_NSHumanReadableCopyright = "";
				LD_RUNPATH_SEARCH_PATHS = (
					"$(inherited)",
					"@executable_path/../Frameworks",
					"@executable_path/../../../../Frameworks",
				);
				MACOSX_DEPLOYMENT_TARGET = 10.14;
				MARKETING_VERSION = 1.0;
				OTHER_LDFLAGS = (
					"-framework",
					SafariServices,
				);
				PRODUCT_BUNDLE_IDENTIFIER = "garden.lemon.Table-of-contents.Extension";
				PRODUCT_NAME = "Table of contents Extension";
				SDKROOT = macosx;
				SKIP_INSTALL = YES;
				SWIFT_EMIT_LOC_STRINGS = YES;
				SWIFT_VERSION = 5.0;
			};
			name = Release;
		};
		A74CBC7E296EF72B0020FB0C /* Debug */ = {
			isa = XCBuildConfiguration;
			buildSettings = {
				ALWAYS_EMBED_SWIFT_STANDARD_LIBRARIES = YES;
				ASSETCATALOG_COMPILER_APPICON_NAME = AppIcon;
				ASSETCATALOG_COMPILER_GLOBAL_ACCENT_COLOR_NAME = AccentColor;
				CODE_SIGN_ENTITLEMENTS = "macOS (App)/Table of contents.entitlements";
				CODE_SIGN_STYLE = Automatic;
				CURRENT_PROJECT_VERSION = 3;
				DEVELOPMENT_TEAM = 6XWJB5YJ6J;
				ENABLE_HARDENED_RUNTIME = YES;
				GENERATE_INFOPLIST_FILE = YES;
				INFOPLIST_KEY_CFBundleDisplayName = "Table of contents";
				INFOPLIST_KEY_LSApplicationCategoryType = "public.app-category.utilities";
				INFOPLIST_KEY_NSMainStoryboardFile = Main;
				INFOPLIST_KEY_NSPrincipalClass = NSApplication;
				LD_RUNPATH_SEARCH_PATHS = (
					"$(inherited)",
					"@executable_path/../Frameworks",
				);
				MACOSX_DEPLOYMENT_TARGET = 10.14;
				MARKETING_VERSION = 1.2;
				OTHER_LDFLAGS = (
					"-framework",
					SafariServices,
					"-framework",
					WebKit,
				);
				PRODUCT_BUNDLE_IDENTIFIER = "garden.lemon.Table-of-contents-debug";
				PRODUCT_NAME = "Table of contents";
				SDKROOT = macosx;
				SWIFT_EMIT_LOC_STRINGS = YES;
				SWIFT_VERSION = 5.0;
			};
			name = Debug;
		};
		A74CBC7F296EF72B0020FB0C /* Release */ = {
			isa = XCBuildConfiguration;
			buildSettings = {
				ALWAYS_EMBED_SWIFT_STANDARD_LIBRARIES = YES;
				ASSETCATALOG_COMPILER_APPICON_NAME = AppIcon;
				ASSETCATALOG_COMPILER_GLOBAL_ACCENT_COLOR_NAME = AccentColor;
				CODE_SIGN_ENTITLEMENTS = "macOS (App)/Table of contents.entitlements";
				CODE_SIGN_STYLE = Automatic;
				CURRENT_PROJECT_VERSION = 3;
				DEVELOPMENT_TEAM = 6XWJB5YJ6J;
				ENABLE_HARDENED_RUNTIME = YES;
				GENERATE_INFOPLIST_FILE = YES;
				INFOPLIST_KEY_CFBundleDisplayName = "Table of contents";
				INFOPLIST_KEY_LSApplicationCategoryType = "public.app-category.utilities";
				INFOPLIST_KEY_NSMainStoryboardFile = Main;
				INFOPLIST_KEY_NSPrincipalClass = NSApplication;
				LD_RUNPATH_SEARCH_PATHS = (
					"$(inherited)",
					"@executable_path/../Frameworks",
				);
				MACOSX_DEPLOYMENT_TARGET = 10.14;
				MARKETING_VERSION = 1.2;
				OTHER_LDFLAGS = (
					"-framework",
					SafariServices,
					"-framework",
					WebKit,
				);
				PRODUCT_BUNDLE_IDENTIFIER = "garden.lemon.Table-of-contents";
				PRODUCT_NAME = "Table of contents";
				SDKROOT = macosx;
				SWIFT_EMIT_LOC_STRINGS = YES;
				SWIFT_VERSION = 5.0;
			};
			name = Release;
		};
/* End XCBuildConfiguration section */

/* Begin XCConfigurationList section */
		A74CBC0A296EF72A0020FB0C /* Build configuration list for PBXProject "Table of contents" */ = {
			isa = XCConfigurationList;
			buildConfigurations = (
				A74CBC70296EF72B0020FB0C /* Debug */,
				A74CBC71296EF72B0020FB0C /* Release */,
			);
			defaultConfigurationIsVisible = 0;
			defaultConfigurationName = Release;
		};
		A74CBC72296EF72B0020FB0C /* Build configuration list for PBXNativeTarget "Table of contents Extension (iOS)" */ = {
			isa = XCConfigurationList;
			buildConfigurations = (
				A74CBC73296EF72B0020FB0C /* Debug */,
				A74CBC74296EF72B0020FB0C /* Release */,
			);
			defaultConfigurationIsVisible = 0;
			defaultConfigurationName = Release;
		};
		A74CBC76296EF72B0020FB0C /* Build configuration list for PBXNativeTarget "Table of contents (iOS)" */ = {
			isa = XCConfigurationList;
			buildConfigurations = (
				A74CBC77296EF72B0020FB0C /* Debug */,
				A74CBC78296EF72B0020FB0C /* Release */,
			);
			defaultConfigurationIsVisible = 0;
			defaultConfigurationName = Release;
		};
		A74CBC79296EF72B0020FB0C /* Build configuration list for PBXNativeTarget "Table of contents Extension (macOS)" */ = {
			isa = XCConfigurationList;
			buildConfigurations = (
				A74CBC7A296EF72B0020FB0C /* Debug */,
				A74CBC7B296EF72B0020FB0C /* Release */,
			);
			defaultConfigurationIsVisible = 0;
			defaultConfigurationName = Release;
		};
		A74CBC7D296EF72B0020FB0C /* Build configuration list for PBXNativeTarget "Table of contents (macOS)" */ = {
			isa = XCConfigurationList;
			buildConfigurations = (
				A74CBC7E296EF72B0020FB0C /* Debug */,
				A74CBC7F296EF72B0020FB0C /* Release */,
			);
			defaultConfigurationIsVisible = 0;
			defaultConfigurationName = Release;
		};
/* End XCConfigurationList section */
	};
	rootObject = A74CBC07296EF72A0020FB0C /* Project object */;
}
